// !$*UTF8*$!
{
	archiveVersion = 1;
	classes = {
	};
	objectVersion = 46;
	objects = {

/* Begin PBXBuildFile section */
		29484A0B1F945F5A00183311 /* main.m in Sources */ = {isa = PBXBuildFile; fileRef = 29484A0A1F945F5A00183311 /* main.m */; };
		29484A0E1F945F5A00183311 /* AppDelegate.m in Sources */ = {isa = PBXBuildFile; fileRef = 29484A0D1F945F5A00183311 /* AppDelegate.m */; };
		29484A111F945F5A00183311 /* ViewController.m in Sources */ = {isa = PBXBuildFile; fileRef = 29484A101F945F5A00183311 /* ViewController.m */; };
		29484A141F945F5A00183311 /* Main.storyboard in Resources */ = {isa = PBXBuildFile; fileRef = 29484A121F945F5A00183311 /* Main.storyboard */; };
		29484A161F945F5B00183311 /* Assets.xcassets in Resources */ = {isa = PBXBuildFile; fileRef = 29484A151F945F5B00183311 /* Assets.xcassets */; };
		29484A191F945F5B00183311 /* LaunchScreen.storyboard in Resources */ = {isa = PBXBuildFile; fileRef = 29484A171F945F5B00183311 /* LaunchScreen.storyboard */; };
		29484A241F945F5B00183311 /* _____Tests.m in Sources */ = {isa = PBXBuildFile; fileRef = 29484A231F945F5B00183311 /* _____Tests.m */; };
		29484A2F1F945F5B00183311 /* _____UITests.m in Sources */ = {isa = PBXBuildFile; fileRef = 29484A2E1F945F5B00183311 /* _____UITests.m */; };
		29484A3E1F9464BF00183311 /* MaskView.m in Sources */ = {isa = PBXBuildFile; fileRef = 29484A3D1F9464BF00183311 /* MaskView.m */; };
		29484A411F949D2A00183311 /* SinpViewController.m in Sources */ = {isa = PBXBuildFile; fileRef = 29484A401F949D2A00183311 /* SinpViewController.m */; };
/* End PBXBuildFile section */

/* Begin PBXContainerItemProxy section */
		29484A201F945F5B00183311 /* PBXContainerItemProxy */ = {
			isa = PBXContainerItemProxy;
			containerPortal = 294849FE1F945F5A00183311 /* Project object */;
			proxyType = 1;
			remoteGlobalIDString = 29484A051F945F5A00183311;
			remoteInfo = "不规则截图";
		};
		29484A2B1F945F5B00183311 /* PBXContainerItemProxy */ = {
			isa = PBXContainerItemProxy;
			containerPortal = 294849FE1F945F5A00183311 /* Project object */;
			proxyType = 1;
			remoteGlobalIDString = 29484A051F945F5A00183311;
			remoteInfo = "不规则截图";
		};
/* End PBXContainerItemProxy section */

/* Begin PBXFileReference section */
		29484A061F945F5A00183311 /* 不规则截图.app */ = {isa = PBXFileReference; explicitFileType = wrapper.application; includeInIndex = 0; path = "不规则截图.app"; sourceTree = BUILT_PRODUCTS_DIR; };
		29484A0A1F945F5A00183311 /* main.m */ = {isa = PBXFileReference; lastKnownFileType = sourcecode.c.objc; path = main.m; sourceTree = "<group>"; };
		29484A0C1F945F5A00183311 /* AppDelegate.h */ = {isa = PBXFileReference; lastKnownFileType = sourcecode.c.h; path = AppDelegate.h; sourceTree = "<group>"; };
		29484A0D1F945F5A00183311 /* AppDelegate.m */ = {isa = PBXFileReference; lastKnownFileType = sourcecode.c.objc; path = AppDelegate.m; sourceTree = "<group>"; };
		29484A0F1F945F5A00183311 /* ViewController.h */ = {isa = PBXFileReference; lastKnownFileType = sourcecode.c.h; path = ViewController.h; sourceTree = "<group>"; };
		29484A101F945F5A00183311 /* ViewController.m */ = {isa = PBXFileReference; lastKnownFileType = sourcecode.c.objc; path = ViewController.m; sourceTree = "<group>"; };
		29484A131F945F5A00183311 /* Base */ = {isa = PBXFileReference; lastKnownFileType = file.storyboard; name = Base; path = Base.lproj/Main.storyboard; sourceTree = "<group>"; };
		29484A151F945F5B00183311 /* Assets.xcassets */ = {isa = PBXFileReference; lastKnownFileType = folder.assetcatalog; path = Assets.xcassets; sourceTree = "<group>"; };
		29484A181F945F5B00183311 /* Base */ = {isa = PBXFileReference; lastKnownFileType = file.storyboard; name = Base; path = Base.lproj/LaunchScreen.storyboard; sourceTree = "<group>"; };
		29484A1A1F945F5B00183311 /* Info.plist */ = {isa = PBXFileReference; lastKnownFileType = text.plist.xml; path = Info.plist; sourceTree = "<group>"; };
		29484A1F1F945F5B00183311 /* 不规则截图Tests.xctest */ = {isa = PBXFileReference; explicitFileType = wrapper.cfbundle; includeInIndex = 0; path = "不规则截图Tests.xctest"; sourceTree = BUILT_PRODUCTS_DIR; };
		29484A231F945F5B00183311 /* _____Tests.m */ = {isa = PBXFileReference; lastKnownFileType = sourcecode.c.objc; path = "_____Tests.m"; sourceTree = "<group>"; };
		29484A251F945F5B00183311 /* Info.plist */ = {isa = PBXFileReference; lastKnownFileType = text.plist.xml; path = Info.plist; sourceTree = "<group>"; };
		29484A2A1F945F5B00183311 /* 不规则截图UITests.xctest */ = {isa = PBXFileReference; explicitFileType = wrapper.cfbundle; includeInIndex = 0; path = "不规则截图UITests.xctest"; sourceTree = BUILT_PRODUCTS_DIR; };
		29484A2E1F945F5B00183311 /* _____UITests.m */ = {isa = PBXFileReference; lastKnownFileType = sourcecode.c.objc; path = "_____UITests.m"; sourceTree = "<group>"; };
		29484A301F945F5B00183311 /* Info.plist */ = {isa = PBXFileReference; lastKnownFileType = text.plist.xml; path = Info.plist; sourceTree = "<group>"; };
		29484A3C1F9464BF00183311 /* MaskView.h */ = {isa = PBXFileReference; fileEncoding = 4; lastKnownFileType = sourcecode.c.h; path = MaskView.h; sourceTree = "<group>"; };
		29484A3D1F9464BF00183311 /* MaskView.m */ = {isa = PBXFileReference; fileEncoding = 4; lastKnownFileType = sourcecode.c.objc; path = MaskView.m; sourceTree = "<group>"; };
		29484A3F1F949D2A00183311 /* SinpViewController.h */ = {isa = PBXFileReference; fileEncoding = 4; lastKnownFileType = sourcecode.c.h; path = SinpViewController.h; sourceTree = "<group>"; };
		29484A401F949D2A00183311 /* SinpViewController.m */ = {isa = PBXFileReference; fileEncoding = 4; lastKnownFileType = sourcecode.c.objc; path = SinpViewController.m; sourceTree = "<group>"; };
/* End PBXFileReference section */

/* Begin PBXFrameworksBuildPhase section */
		29484A031F945F5A00183311 /* Frameworks */ = {
			isa = PBXFrameworksBuildPhase;
			buildActionMask = 2147483647;
			files = (
			);
			runOnlyForDeploymentPostprocessing = 0;
		};
		29484A1C1F945F5B00183311 /* Frameworks */ = {
			isa = PBXFrameworksBuildPhase;
			buildActionMask = 2147483647;
			files = (
			);
			runOnlyForDeploymentPostprocessing = 0;
		};
		29484A271F945F5B00183311 /* Frameworks */ = {
			isa = PBXFrameworksBuildPhase;
			buildActionMask = 2147483647;
			files = (
			);
			runOnlyForDeploymentPostprocessing = 0;
		};
/* End PBXFrameworksBuildPhase section */

/* Begin PBXGroup section */
		294849FD1F945F5A00183311 = {
			isa = PBXGroup;
			children = (
				29484A081F945F5A00183311 /* 不规则截图 */,
				29484A221F945F5B00183311 /* 不规则截图Tests */,
				29484A2D1F945F5B00183311 /* 不规则截图UITests */,
				29484A071F945F5A00183311 /* Products */,
			);
			sourceTree = "<group>";
		};
		29484A071F945F5A00183311 /* Products */ = {
			isa = PBXGroup;
			children = (
				29484A061F945F5A00183311 /* 不规则截图.app */,
				29484A1F1F945F5B00183311 /* 不规则截图Tests.xctest */,
				29484A2A1F945F5B00183311 /* 不规则截图UITests.xctest */,
			);
			name = Products;
			sourceTree = "<group>";
		};
		29484A081F945F5A00183311 /* 不规则截图 */ = {
			isa = PBXGroup;
			children = (
				29484A0C1F945F5A00183311 /* AppDelegate.h */,
				29484A0D1F945F5A00183311 /* AppDelegate.m */,
				29484A0F1F945F5A00183311 /* ViewController.h */,
				29484A101F945F5A00183311 /* ViewController.m */,
				29484A3C1F9464BF00183311 /* MaskView.h */,
				29484A3D1F9464BF00183311 /* MaskView.m */,
				29484A3F1F949D2A00183311 /* SinpViewController.h */,
				29484A401F949D2A00183311 /* SinpViewController.m */,
				29484A121F945F5A00183311 /* Main.storyboard */,
				29484A151F945F5B00183311 /* Assets.xcassets */,
				29484A171F945F5B00183311 /* LaunchScreen.storyboard */,
				29484A1A1F945F5B00183311 /* Info.plist */,
				29484A091F945F5A00183311 /* Supporting Files */,
			);
			path = "不规则截图";
			sourceTree = "<group>";
		};
		29484A091F945F5A00183311 /* Supporting Files */ = {
			isa = PBXGroup;
			children = (
				29484A0A1F945F5A00183311 /* main.m */,
			);
			name = "Supporting Files";
			sourceTree = "<group>";
		};
		29484A221F945F5B00183311 /* 不规则截图Tests */ = {
			isa = PBXGroup;
			children = (
				29484A231F945F5B00183311 /* _____Tests.m */,
				29484A251F945F5B00183311 /* Info.plist */,
			);
			path = "不规则截图Tests";
			sourceTree = "<group>";
		};
		29484A2D1F945F5B00183311 /* 不规则截图UITests */ = {
			isa = PBXGroup;
			children = (
				29484A2E1F945F5B00183311 /* _____UITests.m */,
				29484A301F945F5B00183311 /* Info.plist */,
			);
			path = "不规则截图UITests";
			sourceTree = "<group>";
		};
/* End PBXGroup section */

/* Begin PBXNativeTarget section */
		29484A051F945F5A00183311 /* 不规则截图 */ = {
			isa = PBXNativeTarget;
			buildConfigurationList = 29484A331F945F5B00183311 /* Build configuration list for PBXNativeTarget "不规则截图" */;
			buildPhases = (
				29484A021F945F5A00183311 /* Sources */,
				29484A031F945F5A00183311 /* Frameworks */,
				29484A041F945F5A00183311 /* Resources */,
			);
			buildRules = (
			);
			dependencies = (
			);
			name = "不规则截图";
			productName = "不规则截图";
			productReference = 29484A061F945F5A00183311 /* 不规则截图.app */;
			productType = "com.apple.product-type.application";
		};
		29484A1E1F945F5B00183311 /* 不规则截图Tests */ = {
			isa = PBXNativeTarget;
			buildConfigurationList = 29484A361F945F5B00183311 /* Build configuration list for PBXNativeTarget "不规则截图Tests" */;
			buildPhases = (
				29484A1B1F945F5B00183311 /* Sources */,
				29484A1C1F945F5B00183311 /* Frameworks */,
				29484A1D1F945F5B00183311 /* Resources */,
			);
			buildRules = (
			);
			dependencies = (
				29484A211F945F5B00183311 /* PBXTargetDependency */,
			);
			name = "不规则截图Tests";
			productName = "不规则截图Tests";
			productReference = 29484A1F1F945F5B00183311 /* 不规则截图Tests.xctest */;
			productType = "com.apple.product-type.bundle.unit-test";
		};
		29484A291F945F5B00183311 /* 不规则截图UITests */ = {
			isa = PBXNativeTarget;
			buildConfigurationList = 29484A391F945F5B00183311 /* Build configuration list for PBXNativeTarget "不规则截图UITests" */;
			buildPhases = (
				29484A261F945F5B00183311 /* Sources */,
				29484A271F945F5B00183311 /* Frameworks */,
				29484A281F945F5B00183311 /* Resources */,
			);
			buildRules = (
			);
			dependencies = (
				29484A2C1F945F5B00183311 /* PBXTargetDependency */,
			);
			name = "不规则截图UITests";
			productName = "不规则截图UITests";
			productReference = 29484A2A1F945F5B00183311 /* 不规则截图UITests.xctest */;
			productType = "com.apple.product-type.bundle.ui-testing";
		};
/* End PBXNativeTarget section */

/* Begin PBXProject section */
		294849FE1F945F5A00183311 /* Project object */ = {
			isa = PBXProject;
			attributes = {
				LastUpgradeCheck = 0830;
				ORGANIZATIONNAME = xrh;
				TargetAttributes = {
					29484A051F945F5A00183311 = {
						CreatedOnToolsVersion = 8.3.3;
						DevelopmentTeam = 4U8M5497ZW;
						ProvisioningStyle = Automatic;
					};
					29484A1E1F945F5B00183311 = {
						CreatedOnToolsVersion = 8.3.3;
						DevelopmentTeam = 4U8M5497ZW;
						ProvisioningStyle = Automatic;
						TestTargetID = 29484A051F945F5A00183311;
					};
					29484A291F945F5B00183311 = {
						CreatedOnToolsVersion = 8.3.3;
						DevelopmentTeam = 4U8M5497ZW;
						ProvisioningStyle = Automatic;
						TestTargetID = 29484A051F945F5A00183311;
					};
				};
			};
			buildConfigurationList = 29484A011F945F5A00183311 /* Build configuration list for PBXProject "不规则截图" */;
			compatibilityVersion = "Xcode 3.2";
			developmentRegion = English;
			hasScannedForEncodings = 0;
			knownRegions = (
				en,
				Base,
			);
			mainGroup = 294849FD1F945F5A00183311;
			productRefGroup = 29484A071F945F5A00183311 /* Products */;
			projectDirPath = "";
			projectRoot = "";
			targets = (
				29484A051F945F5A00183311 /* 不规则截图 */,
				29484A1E1F945F5B00183311 /* 不规则截图Tests */,
				29484A291F945F5B00183311 /* 不规则截图UITests */,
			);
		};
/* End PBXProject section */

/* Begin PBXResourcesBuildPhase section */
		29484A041F945F5A00183311 /* Resources */ = {
			isa = PBXResourcesBuildPhase;
			buildActionMask = 2147483647;
			files = (
				29484A191F945F5B00183311 /* LaunchScreen.storyboard in Resources */,
				29484A161F945F5B00183311 /* Assets.xcassets in Resources */,
				29484A141F945F5A00183311 /* Main.storyboard in Resources */,
			);
			runOnlyForDeploymentPostprocessing = 0;
		};
		29484A1D1F945F5B00183311 /* Resources */ = {
			isa = PBXResourcesBuildPhase;
			buildActionMask = 2147483647;
			files = (
			);
			runOnlyForDeploymentPostprocessing = 0;
		};
		29484A281F945F5B00183311 /* Resources */ = {
			isa = PBXResourcesBuildPhase;
			buildActionMask = 2147483647;
			files = (
			);
			runOnlyForDeploymentPostprocessing = 0;
		};
/* End PBXResourcesBuildPhase section */

/* Begin PBXSourcesBuildPhase section */
		29484A021F945F5A00183311 /* Sources */ = {
			isa = PBXSourcesBuildPhase;
			buildActionMask = 2147483647;
			files = (
				29484A3E1F9464BF00183311 /* MaskView.m in Sources */,
				29484A111F945F5A00183311 /* ViewController.m in Sources */,
				29484A411F949D2A00183311 /* SinpViewController.m in Sources */,
				29484A0E1F945F5A00183311 /* AppDelegate.m in Sources */,
				29484A0B1F945F5A00183311 /* main.m in Sources */,
			);
			runOnlyForDeploymentPostprocessing = 0;
		};
		29484A1B1F945F5B00183311 /* Sources */ = {
			isa = PBXSourcesBuildPhase;
			buildActionMask = 2147483647;
			files = (
				29484A241F945F5B00183311 /* _____Tests.m in Sources */,
			);
			runOnlyForDeploymentPostprocessing = 0;
		};
		29484A261F945F5B00183311 /* Sources */ = {
			isa = PBXSourcesBuildPhase;
			buildActionMask = 2147483647;
			files = (
				29484A2F1F945F5B00183311 /* _____UITests.m in Sources */,
			);
			runOnlyForDeploymentPostprocessing = 0;
		};
/* End PBXSourcesBuildPhase section */

/* Begin PBXTargetDependency section */
		29484A211F945F5B00183311 /* PBXTargetDependency */ = {
			isa = PBXTargetDependency;
			target = 29484A051F945F5A00183311 /* 不规则截图 */;
			targetProxy = 29484A201F945F5B00183311 /* PBXContainerItemProxy */;
		};
		29484A2C1F945F5B00183311 /* PBXTargetDependency */ = {
			isa = PBXTargetDependency;
			target = 29484A051F945F5A00183311 /* 不规则截图 */;
			targetProxy = 29484A2B1F945F5B00183311 /* PBXContainerItemProxy */;
		};
/* End PBXTargetDependency section */

/* Begin PBXVariantGroup section */
		29484A121F945F5A00183311 /* Main.storyboard */ = {
			isa = PBXVariantGroup;
			children = (
				29484A131F945F5A00183311 /* Base */,
			);
			name = Main.storyboard;
			sourceTree = "<group>";
		};
		29484A171F945F5B00183311 /* LaunchScreen.storyboard */ = {
			isa = PBXVariantGroup;
			children = (
				29484A181F945F5B00183311 /* Base */,
			);
			name = LaunchScreen.storyboard;
			sourceTree = "<group>";
		};
/* End PBXVariantGroup section */

/* Begin XCBuildConfiguration section */
		29484A311F945F5B00183311 /* Debug */ = {
			isa = XCBuildConfiguration;
			buildSettings = {
				ALWAYS_SEARCH_USER_PATHS = NO;
				CLANG_ANALYZER_NONNULL = YES;
				CLANG_ANALYZER_NUMBER_OBJECT_CONVERSION = YES_AGGRESSIVE;
				CLANG_CXX_LANGUAGE_STANDARD = "gnu++0x";
				CLANG_CXX_LIBRARY = "libc++";
				CLANG_ENABLE_MODULES = YES;
				CLANG_ENABLE_OBJC_ARC = YES;
				CLANG_WARN_BOOL_CONVERSION = YES;
				CLANG_WARN_CONSTANT_CONVERSION = YES;
				CLANG_WARN_DIRECT_OBJC_ISA_USAGE = YES_ERROR;
				CLANG_WARN_DOCUMENTATION_COMMENTS = YES;
				CLANG_WARN_EMPTY_BODY = YES;
				CLANG_WARN_ENUM_CONVERSION = YES;
				CLANG_WARN_INFINITE_RECURSION = YES;
				CLANG_WARN_INT_CONVERSION = YES;
				CLANG_WARN_OBJC_ROOT_CLASS = YES_ERROR;
				CLANG_WARN_SUSPICIOUS_MOVE = YES;
				CLANG_WARN_UNREACHABLE_CODE = YES;
				CLANG_WARN__DUPLICATE_METHOD_MATCH = YES;
				"CODE_SIGN_IDENTITY[sdk=iphoneos*]" = "iPhone Developer";
				COPY_PHASE_STRIP = NO;
				DEBUG_INFORMATION_FORMAT = dwarf;
				ENABLE_STRICT_OBJC_MSGSEND = YES;
				ENABLE_TESTABILITY = YES;
				GCC_C_LANGUAGE_STANDARD = gnu99;
				GCC_DYNAMIC_NO_PIC = NO;
				GCC_NO_COMMON_BLOCKS = YES;
				GCC_OPTIMIZATION_LEVEL = 0;
				GCC_PREPROCESSOR_DEFINITIONS = (
					"DEBUG=1",
					"$(inherited)",
				);
				GCC_WARN_64_TO_32_BIT_CONVERSION = YES;
				GCC_WARN_ABOUT_RETURN_TYPE = YES_ERROR;
				GCC_WARN_UNDECLARED_SELECTOR = YES;
				GCC_WARN_UNINITIALIZED_AUTOS = YES_AGGRESSIVE;
				GCC_WARN_UNUSED_FUNCTION = YES;
				GCC_WARN_UNUSED_VARIABLE = YES;
				IPHONEOS_DEPLOYMENT_TARGET = 10.3;
				MTL_ENABLE_DEBUG_INFO = YES;
				ONLY_ACTIVE_ARCH = YES;
				SDKROOT = iphoneos;
				TARGETED_DEVICE_FAMILY = "1,2";
			};
			name = Debug;
		};
		29484A321F945F5B00183311 /* Release */ = {
			isa = XCBuildConfiguration;
			buildSettings = {
				ALWAYS_SEARCH_USER_PATHS = NO;
				CLANG_ANALYZER_NONNULL = YES;
				CLANG_ANALYZER_NUMBER_OBJECT_CONVERSION = YES_AGGRESSIVE;
				CLANG_CXX_LANGUAGE_STANDARD = "gnu++0x";
				CLANG_CXX_LIBRARY = "libc++";
				CLANG_ENABLE_MODULES = YES;
				CLANG_ENABLE_OBJC_ARC = YES;
				CLANG_WARN_BOOL_CONVERSION = YES;
				CLANG_WARN_CONSTANT_CONVERSION = YES;
				CLANG_WARN_DIRECT_OBJC_ISA_USAGE = YES_ERROR;
				CLANG_WARN_DOCUMENTATION_COMMENTS = YES;
				CLANG_WARN_EMPTY_BODY = YES;
				CLANG_WARN_ENUM_CONVERSION = YES;
				CLANG_WARN_INFINITE_RECURSION = YES;
				CLANG_WARN_INT_CONVERSION = YES;
				CLANG_WARN_OBJC_ROOT_CLASS = YES_ERROR;
				CLANG_WARN_SUSPICIOUS_MOVE = YES;
				CLANG_WARN_UNREACHABLE_CODE = YES;
				CLANG_WARN__DUPLICATE_METHOD_MATCH = YES;
				"CODE_SIGN_IDENTITY[sdk=iphoneos*]" = "iPhone Developer";
				COPY_PHASE_STRIP = NO;
				DEBUG_INFORMATION_FORMAT = "dwarf-with-dsym";
				ENABLE_NS_ASSERTIONS = NO;
				ENABLE_STRICT_OBJC_MSGSEND = YES;
				GCC_C_LANGUAGE_STANDARD = gnu99;
				GCC_NO_COMMON_BLOCKS = YES;
				GCC_WARN_64_TO_32_BIT_CONVERSION = YES;
				GCC_WARN_ABOUT_RETURN_TYPE = YES_ERROR;
				GCC_WARN_UNDECLARED_SELECTOR = YES;
				GCC_WARN_UNINITIALIZED_AUTOS = YES_AGGRESSIVE;
				GCC_WARN_UNUSED_FUNCTION = YES;
				GCC_WARN_UNUSED_VARIABLE = YES;
				IPHONEOS_DEPLOYMENT_TARGET = 10.3;
				MTL_ENABLE_DEBUG_INFO = NO;
				SDKROOT = iphoneos;
				TARGETED_DEVICE_FAMILY = "1,2";
				VALIDATE_PRODUCT = YES;
			};
			name = Release;
		};
		29484A341F945F5B00183311 /* Debug */ = {
			isa = XCBuildConfiguration;
			buildSettings = {
				ASSETCATALOG_COMPILER_APPICON_NAME = AppIcon;
				DEVELOPMENT_TEAM = 4U8M5497ZW;
				INFOPLIST_FILE = "不规则截图/Info.plist";
				LD_RUNPATH_SEARCH_PATHS = "$(inherited) @executable_path/Frameworks";
				PRODUCT_BUNDLE_IDENTIFIER = "XRH.-----";
				PRODUCT_NAME = "$(TARGET_NAME)";
			};
			name = Debug;
		};
		29484A351F945F5B00183311 /* Release */ = {
			isa = XCBuildConfiguration;
			buildSettings = {
				ASSETCATALOG_COMPILER_APPICON_NAME = AppIcon;
				DEVELOPMENT_TEAM = 4U8M5497ZW;
				INFOPLIST_FILE = "不规则截图/Info.plist";
				LD_RUNPATH_SEARCH_PATHS = "$(inherited) @executable_path/Frameworks";
				PRODUCT_BUNDLE_IDENTIFIER = "XRH.-----";
				PRODUCT_NAME = "$(TARGET_NAME)";
			};
			name = Release;
		};
		29484A371F945F5B00183311 /* Debug */ = {
			isa = XCBuildConfiguration;
			buildSettings = {
				BUNDLE_LOADER = "$(TEST_HOST)";
				DEVELOPMENT_TEAM = 4U8M5497ZW;
				INFOPLIST_FILE = "不规则截图Tests/Info.plist";
				LD_RUNPATH_SEARCH_PATHS = "$(inherited) @executable_path/Frameworks @loader_path/Frameworks";
				PRODUCT_BUNDLE_IDENTIFIER = "XRH.-----Tests";
				PRODUCT_NAME = "$(TARGET_NAME)";
				TEST_HOST = "$(BUILT_PRODUCTS_DIR)/不规则截图.app/不规则截图";
			};
			name = Debug;
		};
		29484A381F945F5B00183311 /* Release */ = {
			isa = XCBuildConfiguration;
			buildSettings = {
				BUNDLE_LOADER = "$(TEST_HOST)";
				DEVELOPMENT_TEAM = 4U8M5497ZW;
				INFOPLIST_FILE = "不规则截图Tests/Info.plist";
				LD_RUNPATH_SEARCH_PATHS = "$(inherited) @executable_path/Frameworks @loader_path/Frameworks";
				PRODUCT_BUNDLE_IDENTIFIER = "XRH.-----Tests";
				PRODUCT_NAME = "$(TARGET_NAME)";
				TEST_HOST = "$(BUILT_PRODUCTS_DIR)/不规则截图.app/不规则截图";
			};
			name = Release;
		};
		29484A3A1F945F5B00183311 /* Debug */ = {
			isa = XCBuildConfiguration;
			buildSettings = {
				DEVELOPMENT_TEAM = 4U8M5497ZW;
				INFOPLIST_FILE = "不规则截图UITests/Info.plist";
				LD_RUNPATH_SEARCH_PATHS = "$(inherited) @executable_path/Frameworks @loader_path/Frameworks";
				PRODUCT_BUNDLE_IDENTIFIER = "XRH.-----UITests";
				PRODUCT_NAME = "$(TARGET_NAME)";
				TEST_TARGET_NAME = "不规则截图";
			};
			name = Debug;
		};
		29484A3B1F945F5B00183311 /* Release */ = {
			isa = XCBuildConfiguration;
			buildSettings = {
				DEVELOPMENT_TEAM = 4U8M5497ZW;
				INFOPLIST_FILE = "不规则截图UITests/Info.plist";
				LD_RUNPATH_SEARCH_PATHS = "$(inherited) @executable_path/Frameworks @loader_path/Frameworks";
				PRODUCT_BUNDLE_IDENTIFIER = "XRH.-----UITests";
				PRODUCT_NAME = "$(TARGET_NAME)";
				TEST_TARGET_NAME = "不规则截图";
			};
			name = Release;
		};
/* End XCBuildConfiguration section */

/* Begin XCConfigurationList section */
		29484A011F945F5A00183311 /* Build configuration list for PBXProject "不规则截图" */ = {
			isa = XCConfigurationList;
			buildConfigurations = (
				29484A311F945F5B00183311 /* Debug */,
				29484A321F945F5B00183311 /* Release */,
			);
			defaultConfigurationIsVisible = 0;
			defaultConfigurationName = Release;
		};
		29484A331F945F5B00183311 /* Build configuration list for PBXNativeTarget "不规则截图" */ = {
			isa = XCConfigurationList;
			buildConfigurations = (
				29484A341F945F5B00183311 /* Debug */,
				29484A351F945F5B00183311 /* Release */,
			);
			defaultConfigurationIsVisible = 0;
		};
		29484A361F945F5B00183311 /* Build configuration list for PBXNativeTarget "不规则截图Tests" */ = {
			isa = XCConfigurationList;
			buildConfigurations = (
				29484A371F945F5B00183311 /* Debug */,
				29484A381F945F5B00183311 /* Release */,
			);
			defaultConfigurationIsVisible = 0;
		};
		29484A391F945F5B00183311 /* Build configuration list for PBXNativeTarget "不规则截图UITests" */ = {
			isa = XCConfigurationList;
			buildConfigurations = (
				29484A3A1F945F5B00183311 /* Debug */,
				29484A3B1F945F5B00183311 /* Release */,
			);
			defaultConfigurationIsVisible = 0;
		};
/* End XCConfigurationList section */
	};
	rootObject = 294849FE1F945F5A00183311 /* Project object */;
}
